
Microsoft Visual Studio Solution File, Format Version 12.00
# Visual Studio Version 16
VisualStudioVersion = 16.0.29418.71
MinimumVisualStudioVersion = 10.0.40219.1
Project("{9A19103F-16F7-4668-BE54-9A1E7A4F7556}") = "Bingo-Backend", "Bingo-Backend.csproj", "{796BE9CF-4CA3-4FF2-9478-0CAFCEA0683C}"
EndProject
Global
	GlobalSection(SolutionConfigurationPlatforms) = preSolution
		Debug|Any CPU = Debug|Any CPU
		Release|Any CPU = Release|Any CPU
	EndGlobalSection
	GlobalSection(ProjectConfigurationPlatforms) = postSolution
		{796BE9CF-4CA3-4FF2-9478-0CAFCEA0683C}.Debug|Any CPU.ActiveCfg = Debug|Any CPU
		{796BE9CF-4CA3-4FF2-9478-0CAFCEA0683C}.Debug|Any CPU.Build.0 = Debug|Any CPU
		{796BE9CF-4CA3-4FF2-9478-0CAFCEA0683C}.Release|Any CPU.ActiveCfg = Release|Any CPU
		{796BE9CF-4CA3-4FF2-9478-0CAFCEA0683C}.Release|Any CPU.Build.0 = Release|Any CPU
	EndGlobalSection
	GlobalSection(SolutionProperties) = preSolution
		HideSolutionNode = FALSE
	EndGlobalSection
	GlobalSection(ExtensibilityGlobals) = postSolution
		SolutionGuid = {423FD5F7-9216-4159-B8CD-4455E08B7948}
	EndGlobalSection
EndGlobal
